<Solution>
  <Project Path="Customer_Mangment.AppHost/Customer_Mangment.AppHost.csproj" Id="532fe49c-9760-4e25-b06c-20aee8823648" />
  <Project Path="Customer_Mangment.IdentityServer/Customer_Mangment.IdentityServer.csproj" />
  <Project Path="Customer_Mangment.ServiceDefaults/Customer_Mangment.ServiceDefaults.csproj" />
  <Project Path="Customer_Mangment.Test/Customer_Mangment.Test.csproj" Id="2c087e37-60c8-4b00-8bf1-42f8ec6fb709" />
  <Project Path="Customer_Mangment/Customer_Mangment.csproj" />
  <Project Path="Customer_Mangment_Integrate.Test/Customer_Mangment_Integrate.Test.csproj" Id="9b88b0e9-f14a-4152-8955-ff4406b34d9d" />
  <Project Path="Localization/Localization.csproj" Id="800b9428-8667-45c2-917a-9e7c937ab2f1" />
  <Project Path="RabbitMQ_Client_Console/RabbitMQ_Client_Console.csproj" Id="73bebc15-5e96-43d4-9f47-059c243fdf93" />
</Solution>
